{
  "name": "homebridge-tibber-energy-price",
  "lockfileVersion": 2,
  "requires": true,
  "packages": {
    "": {
      "name": "homebridge-tibber-energy-price",
      "dependencies": {
        "tibber-api": "^4.1.0"
      },
      "engines": {
        "homebridge": ">=0.4.8",
        "node": ">=10.17.0"
      }
    },
    "node_modules/tibber-api": {
      "version": "4.1.0",
      "license": "MIT",
      "dependencies": {
        "ws": "^8.4.0"
      }
    },
    "node_modules/ws": {
      "version": "8.8.1",
      "license": "MIT",
      "engines": {
        "node": ">=10.0.0"
      },
      "peerDependencies": {
        "bufferutil": "^4.0.1",
        "utf-8-validate": "^5.0.2"
      },
      "peerDependenciesMeta": {
        "bufferutil": {
          "optional": true
        },
        "utf-8-validate": {
          "optional": true
        }
      }
    }
  },
  "dependencies": {
    "tibber-api": {
      "version": "4.1.0",
      "requires": {
        "ws": "^8.4.0"
      }
    },
    "ws": {
      "version": "8.8.1",
      "requires": {}
    }
  }
}
